
Microsoft Visual Studio Solution File, Format Version 12.00
# Visual Studio Version 17
VisualStudioVersion = 17.9.34728.123
MinimumVisualStudioVersion = 10.0.40219.1
Project("{FAE04EC0-301F-11D3-BF4B-00C04F79EFBC}") = "SimpleCrudWpf", "SimpleCrudWpf\SimpleCrudWpf.csproj", "{0D6AF156-54CA-4EB7-BBC7-16A992417085}"
EndProject
Project("{FAE04EC0-301F-11D3-BF4B-00C04F79EFBC}") = "Domain", "Domain\Domain.csproj", "{F2DB0E0E-6210-411F-89BF-8F54411D2AB9}"
EndProject
Project("{FAE04EC0-301F-11D3-BF4B-00C04F79EFBC}") = "DataAccessLayer", "DataAccessLayer\DataAccessLayer.csproj", "{89268099-BA40-4200-850F-3DBF7629B0C0}"
EndProject
Project("{FAE04EC0-301F-11D3-BF4B-00C04F79EFBC}") = "Application", "Application\Application.csproj", "{7C3FCC67-0074-4EF7-9DCD-300F7C52B6B1}"
EndProject
Project("{FAE04EC0-301F-11D3-BF4B-00C04F79EFBC}") = "ApplicationApi", "ApplicationApi\ApplicationApi.csproj", "{A31FAD99-2C46-4F67-A437-776328E7F5B2}"
EndProject
Project("{FAE04EC0-301F-11D3-BF4B-00C04F79EFBC}") = "WpfFrontCore", "WpfFrontCore\WpfFrontCore.csproj", "{1B483D33-5BA3-47A2-845A-E29E6082CCAC}"
EndProject
Global
	GlobalSection(SolutionConfigurationPlatforms) = preSolution
		Debug|Any CPU = Debug|Any CPU
		Release|Any CPU = Release|Any CPU
	EndGlobalSection
	GlobalSection(ProjectConfigurationPlatforms) = postSolution
		{0D6AF156-54CA-4EB7-BBC7-16A992417085}.Debug|Any CPU.ActiveCfg = Debug|Any CPU
		{0D6AF156-54CA-4EB7-BBC7-16A992417085}.Debug|Any CPU.Build.0 = Debug|Any CPU
		{0D6AF156-54CA-4EB7-BBC7-16A992417085}.Release|Any CPU.ActiveCfg = Release|Any CPU
		{0D6AF156-54CA-4EB7-BBC7-16A992417085}.Release|Any CPU.Build.0 = Release|Any CPU
		{F2DB0E0E-6210-411F-89BF-8F54411D2AB9}.Debug|Any CPU.ActiveCfg = Debug|Any CPU
		{F2DB0E0E-6210-411F-89BF-8F54411D2AB9}.Debug|Any CPU.Build.0 = Debug|Any CPU
		{F2DB0E0E-6210-411F-89BF-8F54411D2AB9}.Release|Any CPU.ActiveCfg = Release|Any CPU
		{F2DB0E0E-6210-411F-89BF-8F54411D2AB9}.Release|Any CPU.Build.0 = Release|Any CPU
		{89268099-BA40-4200-850F-3DBF7629B0C0}.Debug|Any CPU.ActiveCfg = Debug|Any CPU
		{89268099-BA40-4200-850F-3DBF7629B0C0}.Debug|Any CPU.Build.0 = Debug|Any CPU
		{89268099-BA40-4200-850F-3DBF7629B0C0}.Release|Any CPU.ActiveCfg = Release|Any CPU
		{89268099-BA40-4200-850F-3DBF7629B0C0}.Release|Any CPU.Build.0 = Release|Any CPU
		{7C3FCC67-0074-4EF7-9DCD-300F7C52B6B1}.Debug|Any CPU.ActiveCfg = Debug|Any CPU
		{7C3FCC67-0074-4EF7-9DCD-300F7C52B6B1}.Debug|Any CPU.Build.0 = Debug|Any CPU
		{7C3FCC67-0074-4EF7-9DCD-300F7C52B6B1}.Release|Any CPU.ActiveCfg = Release|Any CPU
		{7C3FCC67-0074-4EF7-9DCD-300F7C52B6B1}.Release|Any CPU.Build.0 = Release|Any CPU
		{A31FAD99-2C46-4F67-A437-776328E7F5B2}.Debug|Any CPU.ActiveCfg = Debug|Any CPU
		{A31FAD99-2C46-4F67-A437-776328E7F5B2}.Debug|Any CPU.Build.0 = Debug|Any CPU
		{A31FAD99-2C46-4F67-A437-776328E7F5B2}.Release|Any CPU.ActiveCfg = Release|Any CPU
		{A31FAD99-2C46-4F67-A437-776328E7F5B2}.Release|Any CPU.Build.0 = Release|Any CPU
		{1B483D33-5BA3-47A2-845A-E29E6082CCAC}.Debug|Any CPU.ActiveCfg = Debug|Any CPU
		{1B483D33-5BA3-47A2-845A-E29E6082CCAC}.Debug|Any CPU.Build.0 = Debug|Any CPU
		{1B483D33-5BA3-47A2-845A-E29E6082CCAC}.Release|Any CPU.ActiveCfg = Release|Any CPU
		{1B483D33-5BA3-47A2-845A-E29E6082CCAC}.Release|Any CPU.Build.0 = Release|Any CPU
	EndGlobalSection
	GlobalSection(SolutionProperties) = preSolution
		HideSolutionNode = FALSE
	EndGlobalSection
	GlobalSection(ExtensibilityGlobals) = postSolution
		SolutionGuid = {EF8022E6-89D5-43F5-BA45-966D8779DEA3}
	EndGlobalSection
EndGlobal
